
Microsoft Visual Studio Solution File, Format Version 12.00
# Visual Studio Version 17
VisualStudioVersion = 17.3.32819.101
MinimumVisualStudioVersion = 10.0.40219.1
Project("{FAE04EC0-301F-11D3-BF4B-00C04F79EFBC}") = "AppMVC", "AppMVC.csproj", "{E2C28D6F-D806-48F4-8BAB-3450F31204F7}"
EndProject
Global
	GlobalSection(SolutionConfigurationPlatforms) = preSolution
		Debug|Any CPU = Debug|Any CPU
		Release|Any CPU = Release|Any CPU
	EndGlobalSection
	GlobalSection(ProjectConfigurationPlatforms) = postSolution
		{E2C28D6F-D806-48F4-8BAB-3450F31204F7}.Debug|Any CPU.ActiveCfg = Debug|Any CPU
		{E2C28D6F-D806-48F4-8BAB-3450F31204F7}.Debug|Any CPU.Build.0 = Debug|Any CPU
		{E2C28D6F-D806-48F4-8BAB-3450F31204F7}.Release|Any CPU.ActiveCfg = Release|Any CPU
		{E2C28D6F-D806-48F4-8BAB-3450F31204F7}.Release|Any CPU.Build.0 = Release|Any CPU
	EndGlobalSection
	GlobalSection(SolutionProperties) = preSolution
		HideSolutionNode = FALSE
	EndGlobalSection
	GlobalSection(ExtensibilityGlobals) = postSolution
		SolutionGuid = {ACF873B1-90D9-4B84-BC40-BA2B51C114EE}
	EndGlobalSection
EndGlobal
